{
  "requires": true,
  "lockfileVersion": 1,
  "dependencies": {
    "react-notifications-component": {
      "version": "3.0.3",
      "resolved": "https://registry.npmjs.org/react-notifications-component/-/react-notifications-component-3.0.3.tgz",
      "integrity": "sha512-OHE4gyf6UrlB6VvZ56ftPKB/X23ZpPbNzgarNKYMracEiziJgHu8u8e3Fp6earfMcEigxb+LDZAo0dnkiccKqA=="
    }
  }
}
